PODS:
  - Alamofire (5.2.2)
  - AlamofireImage (4.1.0):
    - Alamofire (~> 5.1)
  - PDFReader (2.5.1)
  - ProgressHUD (13.4)

DEPENDENCIES:
  - Alamofire (~> 5.2)
  - AlamofireImage (~> 4.1)
  - PDFReader
  - ProgressHUD

SPEC REPOS:
  trunk:
    - Alamofire
    - AlamofireImage
    - PDFReader
    - ProgressHUD

SPEC CHECKSUMS:
  Alamofire: 814429acc853c6c54ff123fc3d2ef66803823ce0
  AlamofireImage: c4a2ba349885fb3064feb74d2e547bd42ce9be10
  PDFReader: 2c4a845d0560f33221cf911516e3b700967680f6
  ProgressHUD: 137a7fc677487c5581668f4490563124fb35c232

PODFILE CHECKSUM: a7e0fbe8d28f90a8bdcce1e3ff7b3762491bac1e

COCOAPODS: 1.9.3
