// !$*UTF8*$!
{
	archiveVersion = 1;
	classes = {
	};
	objectVersion = 51;
	objects = {

/* Begin PBXBuildFile section */
		713EA6A848C5A34EA2E079D0 /* Pods_KarenBooks.framework in Frameworks */ = {isa = PBXBuildFile; fileRef = DD2B660A559B299BF72EBA3B /* Pods_KarenBooks.framework */; };
		FB46916E24F6C5BE0044407E /* Tharlon-Regular.ttf in Resources */ = {isa = PBXBuildFile; fileRef = FB46916D24F6C5BE0044407E /* Tharlon-Regular.ttf */; };
		FB4FF31C24F58B92007A5047 /* BookTableViewCell.swift in Sources */ = {isa = PBXBuildFile; fileRef = FB4FF31B24F58B92007A5047 /* BookTableViewCell.swift */; };
		FB51204A24F411BD00B02E4E /* AppDelegate.swift in Sources */ = {isa = PBXBuildFile; fileRef = FB51204924F411BD00B02E4E /* AppDelegate.swift */; };
		FB51204C24F411BD00B02E4E /* SceneDelegate.swift in Sources */ = {isa = PBXBuildFile; fileRef = FB51204B24F411BD00B02E4E /* SceneDelegate.swift */; };
		FB51204E24F411BD00B02E4E /* ViewController.swift in Sources */ = {isa = PBXBuildFile; fileRef = FB51204D24F411BD00B02E4E /* ViewController.swift */; };
		FB51205124F411BD00B02E4E /* Main.storyboard in Resources */ = {isa = PBXBuildFile; fileRef = FB51204F24F411BD00B02E4E /* Main.storyboard */; };
		FB51205324F411C000B02E4E /* Assets.xcassets in Resources */ = {isa = PBXBuildFile; fileRef = FB51205224F411C000B02E4E /* Assets.xcassets */; };
		FB51205624F411C000B02E4E /* LaunchScreen.storyboard in Resources */ = {isa = PBXBuildFile; fileRef = FB51205424F411C000B02E4E /* LaunchScreen.storyboard */; };
		FB52553724F5CAEC00311E1F /* Books.swift in Sources */ = {isa = PBXBuildFile; fileRef = FB52553624F5CAEC00311E1F /* Books.swift */; };
		FBD383012508184500763D6A /* OurPickCollectionViewCell.swift in Sources */ = {isa = PBXBuildFile; fileRef = FBD383002508184500763D6A /* OurPickCollectionViewCell.swift */; };
		FBD60A162507035D00727ED1 /* OurPickViewController.swift in Sources */ = {isa = PBXBuildFile; fileRef = FBD60A152507035D00727ED1 /* OurPickViewController.swift */; };
		FBD60A182507054C00727ED1 /* BookForChildrenViewController.swift in Sources */ = {isa = PBXBuildFile; fileRef = FBD60A172507054C00727ED1 /* BookForChildrenViewController.swift */; };
		FBD60A1A2507068C00727ED1 /* MagazineViewController.swift in Sources */ = {isa = PBXBuildFile; fileRef = FBD60A192507068C00727ED1 /* MagazineViewController.swift */; };
/* End PBXBuildFile section */

/* Begin PBXFileReference section */
		4B1750207CA163FAFB3254B1 /* Pods-KarenBooks.release.xcconfig */ = {isa = PBXFileReference; includeInIndex = 1; lastKnownFileType = text.xcconfig; name = "Pods-KarenBooks.release.xcconfig"; path = "Target Support Files/Pods-KarenBooks/Pods-KarenBooks.release.xcconfig"; sourceTree = "<group>"; };
		8CF7993AAC4F94BB016D8D4F /* Pods-KarenBooks.debug.xcconfig */ = {isa = PBXFileReference; includeInIndex = 1; lastKnownFileType = text.xcconfig; name = "Pods-KarenBooks.debug.xcconfig"; path = "Target Support Files/Pods-KarenBooks/Pods-KarenBooks.debug.xcconfig"; sourceTree = "<group>"; };
		DD2B660A559B299BF72EBA3B /* Pods_KarenBooks.framework */ = {isa = PBXFileReference; explicitFileType = wrapper.framework; includeInIndex = 0; path = Pods_KarenBooks.framework; sourceTree = BUILT_PRODUCTS_DIR; };
		FB46916D24F6C5BE0044407E /* Tharlon-Regular.ttf */ = {isa = PBXFileReference; lastKnownFileType = file; path = "Tharlon-Regular.ttf"; sourceTree = "<group>"; };
		FB4FF31B24F58B92007A5047 /* BookTableViewCell.swift */ = {isa = PBXFileReference; lastKnownFileType = sourcecode.swift; path = BookTableViewCell.swift; sourceTree = "<group>"; };
		FB51204624F411BD00B02E4E /* Karen Digitial Library.app */ = {isa = PBXFileReference; explicitFileType = wrapper.application; includeInIndex = 0; path = "Karen Digitial Library.app"; sourceTree = BUILT_PRODUCTS_DIR; };
		FB51204924F411BD00B02E4E /* AppDelegate.swift */ = {isa = PBXFileReference; lastKnownFileType = sourcecode.swift; path = AppDelegate.swift; sourceTree = "<group>"; };
		FB51204B24F411BD00B02E4E /* SceneDelegate.swift */ = {isa = PBXFileReference; lastKnownFileType = sourcecode.swift; path = SceneDelegate.swift; sourceTree = "<group>"; };
		FB51204D24F411BD00B02E4E /* ViewController.swift */ = {isa = PBXFileReference; lastKnownFileType = sourcecode.swift; path = ViewController.swift; sourceTree = "<group>"; };
		FB51205024F411BD00B02E4E /* Base */ = {isa = PBXFileReference; lastKnownFileType = file.storyboard; name = Base; path = Base.lproj/Main.storyboard; sourceTree = "<group>"; };
		FB51205224F411C000B02E4E /* Assets.xcassets */ = {isa = PBXFileReference; lastKnownFileType = folder.assetcatalog; path = Assets.xcassets; sourceTree = "<group>"; };
		FB51205524F411C000B02E4E /* Base */ = {isa = PBXFileReference; lastKnownFileType = file.storyboard; name = Base; path = Base.lproj/LaunchScreen.storyboard; sourceTree = "<group>"; };
		FB51205724F411C000B02E4E /* Info.plist */ = {isa = PBXFileReference; lastKnownFileType = text.plist.xml; path = Info.plist; sourceTree = "<group>"; };
		FB52553624F5CAEC00311E1F /* Books.swift */ = {isa = PBXFileReference; lastKnownFileType = sourcecode.swift; path = Books.swift; sourceTree = "<group>"; };
		FBD383002508184500763D6A /* OurPickCollectionViewCell.swift */ = {isa = PBXFileReference; lastKnownFileType = sourcecode.swift; path = OurPickCollectionViewCell.swift; sourceTree = "<group>"; };
		FBD60A152507035D00727ED1 /* OurPickViewController.swift */ = {isa = PBXFileReference; lastKnownFileType = sourcecode.swift; path = OurPickViewController.swift; sourceTree = "<group>"; };
		FBD60A172507054C00727ED1 /* BookForChildrenViewController.swift */ = {isa = PBXFileReference; lastKnownFileType = sourcecode.swift; path = BookForChildrenViewController.swift; sourceTree = "<group>"; };
		FBD60A192507068C00727ED1 /* MagazineViewController.swift */ = {isa = PBXFileReference; lastKnownFileType = sourcecode.swift; path = MagazineViewController.swift; sourceTree = "<group>"; };
/* End PBXFileReference section */

/* Begin PBXFrameworksBuildPhase section */
		FB51204324F411BD00B02E4E /* Frameworks */ = {
			isa = PBXFrameworksBuildPhase;
			buildActionMask = 2147483647;
			files = (
				713EA6A848C5A34EA2E079D0 /* Pods_KarenBooks.framework in Frameworks */,
			);
			runOnlyForDeploymentPostprocessing = 0;
		};
/* End PBXFrameworksBuildPhase section */

/* Begin PBXGroup section */
		2A205D0BCB955FAF46A32714 /* Frameworks */ = {
			isa = PBXGroup;
			children = (
				DD2B660A559B299BF72EBA3B /* Pods_KarenBooks.framework */,
			);
			name = Frameworks;
			sourceTree = "<group>";
		};
		9EB8402ED694ED7912019285 /* Pods */ = {
			isa = PBXGroup;
			children = (
				8CF7993AAC4F94BB016D8D4F /* Pods-KarenBooks.debug.xcconfig */,
				4B1750207CA163FAFB3254B1 /* Pods-KarenBooks.release.xcconfig */,
			);
			path = Pods;
			sourceTree = "<group>";
		};
		FB51203D24F411BD00B02E4E = {
			isa = PBXGroup;
			children = (
				FB51204824F411BD00B02E4E /* KarenBooks */,
				FB51204724F411BD00B02E4E /* Products */,
				9EB8402ED694ED7912019285 /* Pods */,
				2A205D0BCB955FAF46A32714 /* Frameworks */,
			);
			sourceTree = "<group>";
		};
		FB51204724F411BD00B02E4E /* Products */ = {
			isa = PBXGroup;
			children = (
				FB51204624F411BD00B02E4E /* Karen Digitial Library.app */,
			);
			name = Products;
			sourceTree = "<group>";
		};
		FB51204824F411BD00B02E4E /* KarenBooks */ = {
			isa = PBXGroup;
			children = (
				FB51204924F411BD00B02E4E /* AppDelegate.swift */,
				FB51204B24F411BD00B02E4E /* SceneDelegate.swift */,
				FB51204D24F411BD00B02E4E /* ViewController.swift */,
				FB52553624F5CAEC00311E1F /* Books.swift */,
				FB4FF31B24F58B92007A5047 /* BookTableViewCell.swift */,
				FB51204F24F411BD00B02E4E /* Main.storyboard */,
				FBD60A152507035D00727ED1 /* OurPickViewController.swift */,
				FBD383002508184500763D6A /* OurPickCollectionViewCell.swift */,
				FBD60A172507054C00727ED1 /* BookForChildrenViewController.swift */,
				FBD60A192507068C00727ED1 /* MagazineViewController.swift */,
				FB51205224F411C000B02E4E /* Assets.xcassets */,
				FB51205424F411C000B02E4E /* LaunchScreen.storyboard */,
				FB51205724F411C000B02E4E /* Info.plist */,
				FB46916D24F6C5BE0044407E /* Tharlon-Regular.ttf */,
			);
			path = KarenBooks;
			sourceTree = "<group>";
		};
/* End PBXGroup section */

/* Begin PBXNativeTarget section */
		FB51204524F411BD00B02E4E /* Karen Digitial Library */ = {
			isa = PBXNativeTarget;
			buildConfigurationList = FB51205A24F411C000B02E4E /* Build configuration list for PBXNativeTarget "Karen Digitial Library" */;
			buildPhases = (
				2A9E5268C88C562C85C089AA /* [CP] Check Pods Manifest.lock */,
				FB51204224F411BD00B02E4E /* Sources */,
				FB51204324F411BD00B02E4E /* Frameworks */,
				FB51204424F411BD00B02E4E /* Resources */,
				F56D4C0ADD532535794AD2EE /* [CP] Embed Pods Frameworks */,
			);
			buildRules = (
			);
			dependencies = (
			);
			name = "Karen Digitial Library";
			productName = KarenBooks;
			productReference = FB51204624F411BD00B02E4E /* Karen Digitial Library.app */;
			productType = "com.apple.product-type.application";
		};
/* End PBXNativeTarget section */

/* Begin PBXProject section */
		FB51203E24F411BD00B02E4E /* Project object */ = {
			isa = PBXProject;
			attributes = {
				LastSwiftUpdateCheck = 1150;
				LastUpgradeCheck = 1150;
				ORGANIZATIONNAME = sowah;
				TargetAttributes = {
					FB51204524F411BD00B02E4E = {
						CreatedOnToolsVersion = 11.5;
					};
				};
			};
			buildConfigurationList = FB51204124F411BD00B02E4E /* Build configuration list for PBXProject "Karen Digitial Library" */;
			compatibilityVersion = "Xcode 9.3";
			developmentRegion = en;
			hasScannedForEncodings = 0;
			knownRegions = (
				en,
				Base,
			);
			mainGroup = FB51203D24F411BD00B02E4E;
			productRefGroup = FB51204724F411BD00B02E4E /* Products */;
			projectDirPath = "";
			projectRoot = "";
			targets = (
				FB51204524F411BD00B02E4E /* Karen Digitial Library */,
			);
		};
/* End PBXProject section */

/* Begin PBXResourcesBuildPhase section */
		FB51204424F411BD00B02E4E /* Resources */ = {
			isa = PBXResourcesBuildPhase;
			buildActionMask = 2147483647;
			files = (
				FB51205624F411C000B02E4E /* LaunchScreen.storyboard in Resources */,
				FB51205324F411C000B02E4E /* Assets.xcassets in Resources */,
				FB46916E24F6C5BE0044407E /* Tharlon-Regular.ttf in Resources */,
				FB51205124F411BD00B02E4E /* Main.storyboard in Resources */,
			);
			runOnlyForDeploymentPostprocessing = 0;
		};
/* End PBXResourcesBuildPhase section */

/* Begin PBXShellScriptBuildPhase section */
		2A9E5268C88C562C85C089AA /* [CP] Check Pods Manifest.lock */ = {
			isa = PBXShellScriptBuildPhase;
			buildActionMask = 2147483647;
			files = (
			);
			inputFileListPaths = (
			);
			inputPaths = (
				"${PODS_PODFILE_DIR_PATH}/Podfile.lock",
				"${PODS_ROOT}/Manifest.lock",
			);
			name = "[CP] Check Pods Manifest.lock";
			outputFileListPaths = (
			);
			outputPaths = (
				"$(DERIVED_FILE_DIR)/Pods-KarenBooks-checkManifestLockResult.txt",
			);
			runOnlyForDeploymentPostprocessing = 0;
			shellPath = /bin/sh;
			shellScript = "diff \"${PODS_PODFILE_DIR_PATH}/Podfile.lock\" \"${PODS_ROOT}/Manifest.lock\" > /dev/null\nif [ $? != 0 ] ; then\n    # print error to STDERR\n    echo \"error: The sandbox is not in sync with the Podfile.lock. Run 'pod install' or update your CocoaPods installation.\" >&2\n    exit 1\nfi\n# This output is used by Xcode 'outputs' to avoid re-running this script phase.\necho \"SUCCESS\" > \"${SCRIPT_OUTPUT_FILE_0}\"\n";
			showEnvVarsInLog = 0;
		};
		F56D4C0ADD532535794AD2EE /* [CP] Embed Pods Frameworks */ = {
			isa = PBXShellScriptBuildPhase;
			buildActionMask = 2147483647;
			files = (
			);
			inputFileListPaths = (
				"${PODS_ROOT}/Target Support Files/Pods-KarenBooks/Pods-KarenBooks-frameworks-${CONFIGURATION}-input-files.xcfilelist",
			);
			name = "[CP] Embed Pods Frameworks";
			outputFileListPaths = (
				"${PODS_ROOT}/Target Support Files/Pods-KarenBooks/Pods-KarenBooks-frameworks-${CONFIGURATION}-output-files.xcfilelist",
			);
			runOnlyForDeploymentPostprocessing = 0;
			shellPath = /bin/sh;
			shellScript = "\"${PODS_ROOT}/Target Support Files/Pods-KarenBooks/Pods-KarenBooks-frameworks.sh\"\n";
			showEnvVarsInLog = 0;
		};
/* End PBXShellScriptBuildPhase section */

/* Begin PBXSourcesBuildPhase section */
		FB51204224F411BD00B02E4E /* Sources */ = {
			isa = PBXSourcesBuildPhase;
			buildActionMask = 2147483647;
			files = (
				FB4FF31C24F58B92007A5047 /* BookTableViewCell.swift in Sources */,
				FB51204E24F411BD00B02E4E /* ViewController.swift in Sources */,
				FBD60A1A2507068C00727ED1 /* MagazineViewController.swift in Sources */,
				FBD60A162507035D00727ED1 /* OurPickViewController.swift in Sources */,
				FBD60A182507054C00727ED1 /* BookForChildrenViewController.swift in Sources */,
				FBD383012508184500763D6A /* OurPickCollectionViewCell.swift in Sources */,
				FB51204A24F411BD00B02E4E /* AppDelegate.swift in Sources */,
				FB51204C24F411BD00B02E4E /* SceneDelegate.swift in Sources */,
				FB52553724F5CAEC00311E1F /* Books.swift in Sources */,
			);
			runOnlyForDeploymentPostprocessing = 0;
		};
/* End PBXSourcesBuildPhase section */

/* Begin PBXVariantGroup section */
		FB51204F24F411BD00B02E4E /* Main.storyboard */ = {
			isa = PBXVariantGroup;
			children = (
				FB51205024F411BD00B02E4E /* Base */,
			);
			name = Main.storyboard;
			sourceTree = "<group>";
		};
		FB51205424F411C000B02E4E /* LaunchScreen.storyboard */ = {
			isa = PBXVariantGroup;
			children = (
				FB51205524F411C000B02E4E /* Base */,
			);
			name = LaunchScreen.storyboard;
			sourceTree = "<group>";
		};
/* End PBXVariantGroup section */

/* Begin XCBuildConfiguration section */
		FB51205824F411C000B02E4E /* Debug */ = {
			isa = XCBuildConfiguration;
			buildSettings = {
				ALWAYS_SEARCH_USER_PATHS = NO;
				CLANG_ANALYZER_NONNULL = YES;
				CLANG_ANALYZER_NUMBER_OBJECT_CONVERSION = YES_AGGRESSIVE;
				CLANG_CXX_LANGUAGE_STANDARD = "gnu++14";
				CLANG_CXX_LIBRARY = "libc++";
				CLANG_ENABLE_MODULES = YES;
				CLANG_ENABLE_OBJC_ARC = YES;
				CLANG_ENABLE_OBJC_WEAK = YES;
				CLANG_WARN_BLOCK_CAPTURE_AUTORELEASING = YES;
				CLANG_WARN_BOOL_CONVERSION = YES;
				CLANG_WARN_COMMA = YES;
				CLANG_WARN_CONSTANT_CONVERSION = YES;
				CLANG_WARN_DEPRECATED_OBJC_IMPLEMENTATIONS = YES;
				CLANG_WARN_DIRECT_OBJC_ISA_USAGE = YES_ERROR;
				CLANG_WARN_DOCUMENTATION_COMMENTS = YES;
				CLANG_WARN_EMPTY_BODY = YES;
				CLANG_WARN_ENUM_CONVERSION = YES;
				CLANG_WARN_INFINITE_RECURSION = YES;
				CLANG_WARN_INT_CONVERSION = YES;
				CLANG_WARN_NON_LITERAL_NULL_CONVERSION = YES;
				CLANG_WARN_OBJC_IMPLICIT_RETAIN_SELF = YES;
				CLANG_WARN_OBJC_LITERAL_CONVERSION = YES;
				CLANG_WARN_OBJC_ROOT_CLASS = YES_ERROR;
				CLANG_WARN_RANGE_LOOP_ANALYSIS = YES;
				CLANG_WARN_STRICT_PROTOTYPES = YES;
				CLANG_WARN_SUSPICIOUS_MOVE = YES;
				CLANG_WARN_UNGUARDED_AVAILABILITY = YES_AGGRESSIVE;
				CLANG_WARN_UNREACHABLE_CODE = YES;
				CLANG_WARN__DUPLICATE_METHOD_MATCH = YES;
				COPY_PHASE_STRIP = NO;
				DEBUG_INFORMATION_FORMAT = dwarf;
				ENABLE_STRICT_OBJC_MSGSEND = YES;
				ENABLE_TESTABILITY = YES;
				GCC_C_LANGUAGE_STANDARD = gnu11;
				GCC_DYNAMIC_NO_PIC = NO;
				GCC_NO_COMMON_BLOCKS = YES;
				GCC_OPTIMIZATION_LEVEL = 0;
				GCC_PREPROCESSOR_DEFINITIONS = (
					"DEBUG=1",
					"$(inherited)",
				);
				GCC_WARN_64_TO_32_BIT_CONVERSION = YES;
				GCC_WARN_ABOUT_RETURN_TYPE = YES_ERROR;
				GCC_WARN_UNDECLARED_SELECTOR = YES;
				GCC_WARN_UNINITIALIZED_AUTOS = YES_AGGRESSIVE;
				GCC_WARN_UNUSED_FUNCTION = YES;
				GCC_WARN_UNUSED_VARIABLE = YES;
				IPHONEOS_DEPLOYMENT_TARGET = 13.5;
				MTL_ENABLE_DEBUG_INFO = INCLUDE_SOURCE;
				MTL_FAST_MATH = YES;
				ONLY_ACTIVE_ARCH = YES;
				SDKROOT = iphoneos;
				SWIFT_ACTIVE_COMPILATION_CONDITIONS = DEBUG;
				SWIFT_OPTIMIZATION_LEVEL = "-Onone";
			};
			name = Debug;
		};
		FB51205924F411C000B02E4E /* Release */ = {
			isa = XCBuildConfiguration;
			buildSettings = {
				ALWAYS_SEARCH_USER_PATHS = NO;
				CLANG_ANALYZER_NONNULL = YES;
				CLANG_ANALYZER_NUMBER_OBJECT_CONVERSION = YES_AGGRESSIVE;
				CLANG_CXX_LANGUAGE_STANDARD = "gnu++14";
				CLANG_CXX_LIBRARY = "libc++";
				CLANG_ENABLE_MODULES = YES;
				CLANG_ENABLE_OBJC_ARC = YES;
				CLANG_ENABLE_OBJC_WEAK = YES;
				CLANG_WARN_BLOCK_CAPTURE_AUTORELEASING = YES;
				CLANG_WARN_BOOL_CONVERSION = YES;
				CLANG_WARN_COMMA = YES;
				CLANG_WARN_CONSTANT_CONVERSION = YES;
				CLANG_WARN_DEPRECATED_OBJC_IMPLEMENTATIONS = YES;
				CLANG_WARN_DIRECT_OBJC_ISA_USAGE = YES_ERROR;
				CLANG_WARN_DOCUMENTATION_COMMENTS = YES;
				CLANG_WARN_EMPTY_BODY = YES;
				CLANG_WARN_ENUM_CONVERSION = YES;
				CLANG_WARN_INFINITE_RECURSION = YES;
				CLANG_WARN_INT_CONVERSION = YES;
				CLANG_WARN_NON_LITERAL_NULL_CONVERSION = YES;
				CLANG_WARN_OBJC_IMPLICIT_RETAIN_SELF = YES;
				CLANG_WARN_OBJC_LITERAL_CONVERSION = YES;
				CLANG_WARN_OBJC_ROOT_CLASS = YES_ERROR;
				CLANG_WARN_RANGE_LOOP_ANALYSIS = YES;
				CLANG_WARN_STRICT_PROTOTYPES = YES;
				CLANG_WARN_SUSPICIOUS_MOVE = YES;
				CLANG_WARN_UNGUARDED_AVAILABILITY = YES_AGGRESSIVE;
				CLANG_WARN_UNREACHABLE_CODE = YES;
				CLANG_WARN__DUPLICATE_METHOD_MATCH = YES;
				COPY_PHASE_STRIP = NO;
				DEBUG_INFORMATION_FORMAT = "dwarf-with-dsym";
				ENABLE_NS_ASSERTIONS = NO;
				ENABLE_STRICT_OBJC_MSGSEND = YES;
				GCC_C_LANGUAGE_STANDARD = gnu11;
				GCC_NO_COMMON_BLOCKS = YES;
				GCC_WARN_64_TO_32_BIT_CONVERSION = YES;
				GCC_WARN_ABOUT_RETURN_TYPE = YES_ERROR;
				GCC_WARN_UNDECLARED_SELECTOR = YES;
				GCC_WARN_UNINITIALIZED_AUTOS = YES_AGGRESSIVE;
				GCC_WARN_UNUSED_FUNCTION = YES;
				GCC_WARN_UNUSED_VARIABLE = YES;
				IPHONEOS_DEPLOYMENT_TARGET = 13.5;
				MTL_ENABLE_DEBUG_INFO = NO;
				MTL_FAST_MATH = YES;
				SDKROOT = iphoneos;
				SWIFT_COMPILATION_MODE = wholemodule;
				SWIFT_OPTIMIZATION_LEVEL = "-O";
				VALIDATE_PRODUCT = YES;
			};
			name = Release;
		};
		FB51205B24F411C000B02E4E /* Debug */ = {
			isa = XCBuildConfiguration;
			baseConfigurationReference = 8CF7993AAC4F94BB016D8D4F /* Pods-KarenBooks.debug.xcconfig */;
			buildSettings = {
				ASSETCATALOG_COMPILER_APPICON_NAME = AppIcon;
				CODE_SIGN_STYLE = Automatic;
				CURRENT_PROJECT_VERSION = 3;
				DEVELOPMENT_TEAM = B5297G38R8;
				INFOPLIST_FILE = KarenBooks/Info.plist;
				IPHONEOS_DEPLOYMENT_TARGET = 13.3;
				LD_RUNPATH_SEARCH_PATHS = (
					"$(inherited)",
					"@executable_path/Frameworks",
				);
				PRODUCT_BUNDLE_IDENTIFIER = com.ehwah.KarenBooks;
				PRODUCT_NAME = "$(TARGET_NAME)";
				SWIFT_VERSION = 5.0;
				TARGETED_DEVICE_FAMILY = "1,2";
			};
			name = Debug;
		};
		FB51205C24F411C000B02E4E /* Release */ = {
			isa = XCBuildConfiguration;
			baseConfigurationReference = 4B1750207CA163FAFB3254B1 /* Pods-KarenBooks.release.xcconfig */;
			buildSettings = {
				ASSETCATALOG_COMPILER_APPICON_NAME = AppIcon;
				CODE_SIGN_STYLE = Automatic;
				CURRENT_PROJECT_VERSION = 3;
				DEVELOPMENT_TEAM = B5297G38R8;
				INFOPLIST_FILE = KarenBooks/Info.plist;
				IPHONEOS_DEPLOYMENT_TARGET = 13.3;
				LD_RUNPATH_SEARCH_PATHS = (
					"$(inherited)",
					"@executable_path/Frameworks",
				);
				PRODUCT_BUNDLE_IDENTIFIER = com.ehwah.KarenBooks;
				PRODUCT_NAME = "$(TARGET_NAME)";
				SWIFT_VERSION = 5.0;
				TARGETED_DEVICE_FAMILY = "1,2";
			};
			name = Release;
		};
/* End XCBuildConfiguration section */

/* Begin XCConfigurationList section */
		FB51204124F411BD00B02E4E /* Build configuration list for PBXProject "Karen Digitial Library" */ = {
			isa = XCConfigurationList;
			buildConfigurations = (
				FB51205824F411C000B02E4E /* Debug */,
				FB51205924F411C000B02E4E /* Release */,
			);
			defaultConfigurationIsVisible = 0;
			defaultConfigurationName = Release;
		};
		FB51205A24F411C000B02E4E /* Build configuration list for PBXNativeTarget "Karen Digitial Library" */ = {
			isa = XCConfigurationList;
			buildConfigurations = (
				FB51205B24F411C000B02E4E /* Debug */,
				FB51205C24F411C000B02E4E /* Release */,
			);
			defaultConfigurationIsVisible = 0;
			defaultConfigurationName = Release;
		};
/* End XCConfigurationList section */
	};
	rootObject = FB51203E24F411BD00B02E4E /* Project object */;
}
